
Microsoft Visual Studio Solution File, Format Version 12.00
# Visual Studio Version 16
VisualStudioVersion = 16.0.29324.140
MinimumVisualStudioVersion = 10.0.40219.1
Project("{FAE04EC0-301F-11D3-BF4B-00C04F79EFBC}") = "SolarAnalysis_oM", "SolarAnalysis_oM.csproj", "{748EE171-926B-4D99-9C60-E4A93BEA867A}"
EndProject
Project("{FAE04EC0-301F-11D3-BF4B-00C04F79EFBC}") = "SolarAnalysis_Engine", "..\SolarAnalysis_Engine\SolarAnalysis_Engine.csproj", "{1445DF33-8561-411F-8D94-CD2731426C47}"
EndProject
Global
	GlobalSection(SolutionConfigurationPlatforms) = preSolution
		Debug|Any CPU = Debug|Any CPU
		Release|Any CPU = Release|Any CPU
	EndGlobalSection
	GlobalSection(ProjectConfigurationPlatforms) = postSolution
		{748EE171-926B-4D99-9C60-E4A93BEA867A}.Debug|Any CPU.ActiveCfg = Debug|Any CPU
		{748EE171-926B-4D99-9C60-E4A93BEA867A}.Debug|Any CPU.Build.0 = Debug|Any CPU
		{748EE171-926B-4D99-9C60-E4A93BEA867A}.Release|Any CPU.ActiveCfg = Release|Any CPU
		{748EE171-926B-4D99-9C60-E4A93BEA867A}.Release|Any CPU.Build.0 = Release|Any CPU
		{1445DF33-8561-411F-8D94-CD2731426C47}.Debug|Any CPU.ActiveCfg = Debug|Any CPU
		{1445DF33-8561-411F-8D94-CD2731426C47}.Debug|Any CPU.Build.0 = Debug|Any CPU
		{1445DF33-8561-411F-8D94-CD2731426C47}.Release|Any CPU.ActiveCfg = Release|Any CPU
		{1445DF33-8561-411F-8D94-CD2731426C47}.Release|Any CPU.Build.0 = Release|Any CPU
	EndGlobalSection
	GlobalSection(SolutionProperties) = preSolution
		HideSolutionNode = FALSE
	EndGlobalSection
	GlobalSection(ExtensibilityGlobals) = postSolution
		SolutionGuid = {364C93D8-56D2-4AE7-99DA-068E60245361}
	EndGlobalSection
EndGlobal
